
Microsoft Visual Studio Solution File, Format Version 12.00
# Visual Studio Version 16
VisualStudioVersion = 25.0.1705.2
MinimumVisualStudioVersion = 10.0.40219.1
Project("{FAE04EC0-301F-11D3-BF4B-00C04F79EFBC}") = "here we go again", "here we go again.csproj", "{DBD309D8-55F8-4C8B-8D51-67C66D134F40}"
EndProject
Global
	GlobalSection(SolutionConfigurationPlatforms) = preSolution
		Debug|Any CPU = Debug|Any CPU
		Release|Any CPU = Release|Any CPU
	EndGlobalSection
	GlobalSection(ProjectConfigurationPlatforms) = postSolution
		{DBD309D8-55F8-4C8B-8D51-67C66D134F40}.Debug|Any CPU.ActiveCfg = Debug|Any CPU
		{DBD309D8-55F8-4C8B-8D51-67C66D134F40}.Debug|Any CPU.Build.0 = Debug|Any CPU
		{DBD309D8-55F8-4C8B-8D51-67C66D134F40}.Release|Any CPU.ActiveCfg = Release|Any CPU
		{DBD309D8-55F8-4C8B-8D51-67C66D134F40}.Release|Any CPU.Build.0 = Release|Any CPU
	EndGlobalSection
	GlobalSection(SolutionProperties) = preSolution
		HideSolutionNode = FALSE
	EndGlobalSection
	GlobalSection(ExtensibilityGlobals) = postSolution
		SolutionGuid = {8E8BAABB-C980-4A59-A220-FF1ACA8B0470}
	EndGlobalSection
EndGlobal
